
Microsoft Visual Studio Solution File, Format Version 12.00
# Visual Studio Version 17
VisualStudioVersion = 17.0.32126.317
MinimumVisualStudioVersion = 10.0.40219.1
Project("{FAE04EC0-301F-11D3-BF4B-00C04F79EFBC}") = "ApiTask", "ApiTask\ApiTask.csproj", "{BAB18EEC-F845-4ED3-903F-1E0C64430600}"
EndProject
Global
	GlobalSection(SolutionConfigurationPlatforms) = preSolution
		Debug|Any CPU = Debug|Any CPU
		Release|Any CPU = Release|Any CPU
	EndGlobalSection
	GlobalSection(ProjectConfigurationPlatforms) = postSolution
		{BAB18EEC-F845-4ED3-903F-1E0C64430600}.Debug|Any CPU.ActiveCfg = Debug|Any CPU
		{BAB18EEC-F845-4ED3-903F-1E0C64430600}.Debug|Any CPU.Build.0 = Debug|Any CPU
		{BAB18EEC-F845-4ED3-903F-1E0C64430600}.Release|Any CPU.ActiveCfg = Release|Any CPU
		{BAB18EEC-F845-4ED3-903F-1E0C64430600}.Release|Any CPU.Build.0 = Release|Any CPU
	EndGlobalSection
	GlobalSection(SolutionProperties) = preSolution
		HideSolutionNode = FALSE
	EndGlobalSection
	GlobalSection(ExtensibilityGlobals) = postSolution
		SolutionGuid = {9ADBA072-4574-4BB8-BB47-32C1F22417FE}
	EndGlobalSection
EndGlobal
